
Microsoft Visual Studio Solution File, Format Version 12.00
# Visual Studio Version 17
VisualStudioVersion = 17.6.33829.357
MinimumVisualStudioVersion = 10.0.40219.1
Project("{FAE04EC0-301F-11D3-BF4B-00C04F79EFBC}") = "AccesoDatos", "AccesoDatos.csproj", "{EFEFA68E-FE24-42E6-BC6E-0C4704A32224}"
EndProject
Project("{FAE04EC0-301F-11D3-BF4B-00C04F79EFBC}") = "LogicaNegocios", "..\LogicaNegocios\LogicaNegocios.csproj", "{8FBBA670-FC53-4CFE-B0AF-7EA8C9357A6E}"
EndProject
Project("{FAE04EC0-301F-11D3-BF4B-00C04F79EFBC}") = "Presentacion", "..\Presentacion\Presentacion.csproj", "{34EA9287-7306-4D8A-99C1-56102B48C00D}"
EndProject
Global
	GlobalSection(SolutionConfigurationPlatforms) = preSolution
		Debug|Any CPU = Debug|Any CPU
		Release|Any CPU = Release|Any CPU
	EndGlobalSection
	GlobalSection(ProjectConfigurationPlatforms) = postSolution
		{EFEFA68E-FE24-42E6-BC6E-0C4704A32224}.Debug|Any CPU.ActiveCfg = Debug|Any CPU
		{EFEFA68E-FE24-42E6-BC6E-0C4704A32224}.Debug|Any CPU.Build.0 = Debug|Any CPU
		{EFEFA68E-FE24-42E6-BC6E-0C4704A32224}.Release|Any CPU.ActiveCfg = Release|Any CPU
		{EFEFA68E-FE24-42E6-BC6E-0C4704A32224}.Release|Any CPU.Build.0 = Release|Any CPU
		{8FBBA670-FC53-4CFE-B0AF-7EA8C9357A6E}.Debug|Any CPU.ActiveCfg = Debug|Any CPU
		{8FBBA670-FC53-4CFE-B0AF-7EA8C9357A6E}.Debug|Any CPU.Build.0 = Debug|Any CPU
		{8FBBA670-FC53-4CFE-B0AF-7EA8C9357A6E}.Release|Any CPU.ActiveCfg = Release|Any CPU
		{8FBBA670-FC53-4CFE-B0AF-7EA8C9357A6E}.Release|Any CPU.Build.0 = Release|Any CPU
		{34EA9287-7306-4D8A-99C1-56102B48C00D}.Debug|Any CPU.ActiveCfg = Debug|Any CPU
		{34EA9287-7306-4D8A-99C1-56102B48C00D}.Debug|Any CPU.Build.0 = Debug|Any CPU
		{34EA9287-7306-4D8A-99C1-56102B48C00D}.Release|Any CPU.ActiveCfg = Release|Any CPU
		{34EA9287-7306-4D8A-99C1-56102B48C00D}.Release|Any CPU.Build.0 = Release|Any CPU
	EndGlobalSection
	GlobalSection(SolutionProperties) = preSolution
		HideSolutionNode = FALSE
	EndGlobalSection
	GlobalSection(ExtensibilityGlobals) = postSolution
		SolutionGuid = {ABDDC44A-D116-4E2D-9670-996D46C43B6D}
	EndGlobalSection
EndGlobal
